// !$*UTF8*$!
{
	archiveVersion = 1;
	classes = {
	};
	objectVersion = 55;
	objects = {

/* Begin PBXBuildFile section */
		AD5C3D6E28B24D7800A66462 /* SwitUIDemoVApp.swift in Sources */ = {isa = PBXBuildFile; fileRef = AD5C3D6D28B24D7800A66462 /* SwitUIDemoVApp.swift */; };
		AD5C3D7028B24D7800A66462 /* ContentView.swift in Sources */ = {isa = PBXBuildFile; fileRef = AD5C3D6F28B24D7800A66462 /* ContentView.swift */; };
		AD5C3D7228B24D7B00A66462 /* Assets.xcassets in Resources */ = {isa = PBXBuildFile; fileRef = AD5C3D7128B24D7B00A66462 /* Assets.xcassets */; };
		AD5C3D7528B24D7B00A66462 /* Preview Assets.xcassets in Resources */ = {isa = PBXBuildFile; fileRef = AD5C3D7428B24D7B00A66462 /* Preview Assets.xcassets */; };
		AD5C3D7F28B24D7B00A66462 /* SwitUIDemoVTests.swift in Sources */ = {isa = PBXBuildFile; fileRef = AD5C3D7E28B24D7B00A66462 /* SwitUIDemoVTests.swift */; };
		AD5C3D8928B24D7B00A66462 /* SwitUIDemoVUITests.swift in Sources */ = {isa = PBXBuildFile; fileRef = AD5C3D8828B24D7B00A66462 /* SwitUIDemoVUITests.swift */; };
		AD5C3D8B28B24D7B00A66462 /* SwitUIDemoVUITestsLaunchTests.swift in Sources */ = {isa = PBXBuildFile; fileRef = AD5C3D8A28B24D7B00A66462 /* SwitUIDemoVUITestsLaunchTests.swift */; };
		AD5C3D9828B24DE000A66462 /* LoginView.swift in Sources */ = {isa = PBXBuildFile; fileRef = AD5C3D9728B24DE000A66462 /* LoginView.swift */; };
		AD5C3D9A28B26FB500A66462 /* RegisterView.swift in Sources */ = {isa = PBXBuildFile; fileRef = AD5C3D9928B26FB500A66462 /* RegisterView.swift */; };
		ADA791B128B3450500006D18 /* SignupViewModel.swift in Sources */ = {isa = PBXBuildFile; fileRef = ADA791B028B3450500006D18 /* SignupViewModel.swift */; };
		ADA791B328B3453F00006D18 /* LoginViewModel.swift in Sources */ = {isa = PBXBuildFile; fileRef = ADA791B228B3453F00006D18 /* LoginViewModel.swift */; };
		ADA791B528B3488F00006D18 /* Helper.swift in Sources */ = {isa = PBXBuildFile; fileRef = ADA791B428B3488F00006D18 /* Helper.swift */; };
/* End PBXBuildFile section */

/* Begin PBXContainerItemProxy section */
		AD5C3D7B28B24D7B00A66462 /* PBXContainerItemProxy */ = {
			isa = PBXContainerItemProxy;
			containerPortal = AD5C3D6228B24D7800A66462 /* Project object */;
			proxyType = 1;
			remoteGlobalIDString = AD5C3D6928B24D7800A66462;
			remoteInfo = SwitUIDemoV;
		};
		AD5C3D8528B24D7B00A66462 /* PBXContainerItemProxy */ = {
			isa = PBXContainerItemProxy;
			containerPortal = AD5C3D6228B24D7800A66462 /* Project object */;
			proxyType = 1;
			remoteGlobalIDString = AD5C3D6928B24D7800A66462;
			remoteInfo = SwitUIDemoV;
		};
/* End PBXContainerItemProxy section */

/* Begin PBXFileReference section */
		AD5C3D6A28B24D7800A66462 /* SwitUIDemoV.app */ = {isa = PBXFileReference; explicitFileType = wrapper.application; includeInIndex = 0; path = SwitUIDemoV.app; sourceTree = BUILT_PRODUCTS_DIR; };
		AD5C3D6D28B24D7800A66462 /* SwitUIDemoVApp.swift */ = {isa = PBXFileReference; lastKnownFileType = sourcecode.swift; path = SwitUIDemoVApp.swift; sourceTree = "<group>"; };
		AD5C3D6F28B24D7800A66462 /* ContentView.swift */ = {isa = PBXFileReference; lastKnownFileType = sourcecode.swift; path = ContentView.swift; sourceTree = "<group>"; };
		AD5C3D7128B24D7B00A66462 /* Assets.xcassets */ = {isa = PBXFileReference; lastKnownFileType = folder.assetcatalog; path = Assets.xcassets; sourceTree = "<group>"; };
		AD5C3D7428B24D7B00A66462 /* Preview Assets.xcassets */ = {isa = PBXFileReference; lastKnownFileType = folder.assetcatalog; path = "Preview Assets.xcassets"; sourceTree = "<group>"; };
		AD5C3D7A28B24D7B00A66462 /* SwitUIDemoVTests.xctest */ = {isa = PBXFileReference; explicitFileType = wrapper.cfbundle; includeInIndex = 0; path = SwitUIDemoVTests.xctest; sourceTree = BUILT_PRODUCTS_DIR; };
		AD5C3D7E28B24D7B00A66462 /* SwitUIDemoVTests.swift */ = {isa = PBXFileReference; lastKnownFileType = sourcecode.swift; path = SwitUIDemoVTests.swift; sourceTree = "<group>"; };
		AD5C3D8428B24D7B00A66462 /* SwitUIDemoVUITests.xctest */ = {isa = PBXFileReference; explicitFileType = wrapper.cfbundle; includeInIndex = 0; path = SwitUIDemoVUITests.xctest; sourceTree = BUILT_PRODUCTS_DIR; };
		AD5C3D8828B24D7B00A66462 /* SwitUIDemoVUITests.swift */ = {isa = PBXFileReference; lastKnownFileType = sourcecode.swift; path = SwitUIDemoVUITests.swift; sourceTree = "<group>"; };
		AD5C3D8A28B24D7B00A66462 /* SwitUIDemoVUITestsLaunchTests.swift */ = {isa = PBXFileReference; lastKnownFileType = sourcecode.swift; path = SwitUIDemoVUITestsLaunchTests.swift; sourceTree = "<group>"; };
		AD5C3D9728B24DE000A66462 /* LoginView.swift */ = {isa = PBXFileReference; lastKnownFileType = sourcecode.swift; path = LoginView.swift; sourceTree = "<group>"; };
		AD5C3D9928B26FB500A66462 /* RegisterView.swift */ = {isa = PBXFileReference; lastKnownFileType = sourcecode.swift; path = RegisterView.swift; sourceTree = "<group>"; };
		ADA791B028B3450500006D18 /* SignupViewModel.swift */ = {isa = PBXFileReference; lastKnownFileType = sourcecode.swift; path = SignupViewModel.swift; sourceTree = "<group>"; };
		ADA791B228B3453F00006D18 /* LoginViewModel.swift */ = {isa = PBXFileReference; lastKnownFileType = sourcecode.swift; path = LoginViewModel.swift; sourceTree = "<group>"; };
		ADA791B428B3488F00006D18 /* Helper.swift */ = {isa = PBXFileReference; fileEncoding = 4; lastKnownFileType = sourcecode.swift; path = Helper.swift; sourceTree = "<group>"; };
/* End PBXFileReference section */

/* Begin PBXFrameworksBuildPhase section */
		AD5C3D6728B24D7800A66462 /* Frameworks */ = {
			isa = PBXFrameworksBuildPhase;
			buildActionMask = 2147483647;
			files = (
			);
			runOnlyForDeploymentPostprocessing = 0;
		};
		AD5C3D7728B24D7B00A66462 /* Frameworks */ = {
			isa = PBXFrameworksBuildPhase;
			buildActionMask = 2147483647;
			files = (
			);
			runOnlyForDeploymentPostprocessing = 0;
		};
		AD5C3D8128B24D7B00A66462 /* Frameworks */ = {
			isa = PBXFrameworksBuildPhase;
			buildActionMask = 2147483647;
			files = (
			);
			runOnlyForDeploymentPostprocessing = 0;
		};
/* End PBXFrameworksBuildPhase section */

/* Begin PBXGroup section */
		AD5C3D6128B24D7800A66462 = {
			isa = PBXGroup;
			children = (
				AD5C3D6C28B24D7800A66462 /* SwitUIDemoV */,
				AD5C3D7D28B24D7B00A66462 /* SwitUIDemoVTests */,
				AD5C3D8728B24D7B00A66462 /* SwitUIDemoVUITests */,
				AD5C3D6B28B24D7800A66462 /* Products */,
			);
			sourceTree = "<group>";
		};
		AD5C3D6B28B24D7800A66462 /* Products */ = {
			isa = PBXGroup;
			children = (
				AD5C3D6A28B24D7800A66462 /* SwitUIDemoV.app */,
				AD5C3D7A28B24D7B00A66462 /* SwitUIDemoVTests.xctest */,
				AD5C3D8428B24D7B00A66462 /* SwitUIDemoVUITests.xctest */,
			);
			name = Products;
			sourceTree = "<group>";
		};
		AD5C3D6C28B24D7800A66462 /* SwitUIDemoV */ = {
			isa = PBXGroup;
			children = (
				ADA791AF28B344C100006D18 /* View */,
				ADA791AE28B344B600006D18 /* ViewModel */,
				AD5C3D7128B24D7B00A66462 /* Assets.xcassets */,
				AD5C3D7328B24D7B00A66462 /* Preview Content */,
			);
			path = SwitUIDemoV;
			sourceTree = "<group>";
		};
		AD5C3D7328B24D7B00A66462 /* Preview Content */ = {
			isa = PBXGroup;
			children = (
				AD5C3D7428B24D7B00A66462 /* Preview Assets.xcassets */,
			);
			path = "Preview Content";
			sourceTree = "<group>";
		};
		AD5C3D7D28B24D7B00A66462 /* SwitUIDemoVTests */ = {
			isa = PBXGroup;
			children = (
				AD5C3D7E28B24D7B00A66462 /* SwitUIDemoVTests.swift */,
			);
			path = SwitUIDemoVTests;
			sourceTree = "<group>";
		};
		AD5C3D8728B24D7B00A66462 /* SwitUIDemoVUITests */ = {
			isa = PBXGroup;
			children = (
				AD5C3D8828B24D7B00A66462 /* SwitUIDemoVUITests.swift */,
				AD5C3D8A28B24D7B00A66462 /* SwitUIDemoVUITestsLaunchTests.swift */,
			);
			path = SwitUIDemoVUITests;
			sourceTree = "<group>";
		};
		ADA791AE28B344B600006D18 /* ViewModel */ = {
			isa = PBXGroup;
			children = (
				ADA791B028B3450500006D18 /* SignupViewModel.swift */,
				ADA791B228B3453F00006D18 /* LoginViewModel.swift */,
			);
			path = ViewModel;
			sourceTree = "<group>";
		};
		ADA791AF28B344C100006D18 /* View */ = {
			isa = PBXGroup;
			children = (
				AD5C3D6D28B24D7800A66462 /* SwitUIDemoVApp.swift */,
				AD5C3D9728B24DE000A66462 /* LoginView.swift */,
				AD5C3D6F28B24D7800A66462 /* ContentView.swift */,
				AD5C3D9928B26FB500A66462 /* RegisterView.swift */,
				ADA791B428B3488F00006D18 /* Helper.swift */,
			);
			path = View;
			sourceTree = "<group>";
		};
/* End PBXGroup section */

/* Begin PBXNativeTarget section */
		AD5C3D6928B24D7800A66462 /* SwitUIDemoV */ = {
			isa = PBXNativeTarget;
			buildConfigurationList = AD5C3D8E28B24D7B00A66462 /* Build configuration list for PBXNativeTarget "SwitUIDemoV" */;
			buildPhases = (
				AD5C3D6628B24D7800A66462 /* Sources */,
				AD5C3D6728B24D7800A66462 /* Frameworks */,
				AD5C3D6828B24D7800A66462 /* Resources */,
			);
			buildRules = (
			);
			dependencies = (
			);
			name = SwitUIDemoV;
			productName = SwitUIDemoV;
			productReference = AD5C3D6A28B24D7800A66462 /* SwitUIDemoV.app */;
			productType = "com.apple.product-type.application";
		};
		AD5C3D7928B24D7B00A66462 /* SwitUIDemoVTests */ = {
			isa = PBXNativeTarget;
			buildConfigurationList = AD5C3D9128B24D7B00A66462 /* Build configuration list for PBXNativeTarget "SwitUIDemoVTests" */;
			buildPhases = (
				AD5C3D7628B24D7B00A66462 /* Sources */,
				AD5C3D7728B24D7B00A66462 /* Frameworks */,
				AD5C3D7828B24D7B00A66462 /* Resources */,
			);
			buildRules = (
			);
			dependencies = (
				AD5C3D7C28B24D7B00A66462 /* PBXTargetDependency */,
			);
			name = SwitUIDemoVTests;
			productName = SwitUIDemoVTests;
			productReference = AD5C3D7A28B24D7B00A66462 /* SwitUIDemoVTests.xctest */;
			productType = "com.apple.product-type.bundle.unit-test";
		};
		AD5C3D8328B24D7B00A66462 /* SwitUIDemoVUITests */ = {
			isa = PBXNativeTarget;
			buildConfigurationList = AD5C3D9428B24D7B00A66462 /* Build configuration list for PBXNativeTarget "SwitUIDemoVUITests" */;
			buildPhases = (
				AD5C3D8028B24D7B00A66462 /* Sources */,
				AD5C3D8128B24D7B00A66462 /* Frameworks */,
				AD5C3D8228B24D7B00A66462 /* Resources */,
			);
			buildRules = (
			);
			dependencies = (
				AD5C3D8628B24D7B00A66462 /* PBXTargetDependency */,
			);
			name = SwitUIDemoVUITests;
			productName = SwitUIDemoVUITests;
			productReference = AD5C3D8428B24D7B00A66462 /* SwitUIDemoVUITests.xctest */;
			productType = "com.apple.product-type.bundle.ui-testing";
		};
/* End PBXNativeTarget section */

/* Begin PBXProject section */
		AD5C3D6228B24D7800A66462 /* Project object */ = {
			isa = PBXProject;
			attributes = {
				BuildIndependentTargetsInParallel = 1;
				LastSwiftUpdateCheck = 1320;
				LastUpgradeCheck = 1320;
				TargetAttributes = {
					AD5C3D6928B24D7800A66462 = {
						CreatedOnToolsVersion = 13.2.1;
					};
					AD5C3D7928B24D7B00A66462 = {
						CreatedOnToolsVersion = 13.2.1;
						TestTargetID = AD5C3D6928B24D7800A66462;
					};
					AD5C3D8328B24D7B00A66462 = {
						CreatedOnToolsVersion = 13.2.1;
						TestTargetID = AD5C3D6928B24D7800A66462;
					};
				};
			};
			buildConfigurationList = AD5C3D6528B24D7800A66462 /* Build configuration list for PBXProject "SwitUIDemoV" */;
			compatibilityVersion = "Xcode 13.0";
			developmentRegion = en;
			hasScannedForEncodings = 0;
			knownRegions = (
				en,
				Base,
			);
			mainGroup = AD5C3D6128B24D7800A66462;
			productRefGroup = AD5C3D6B28B24D7800A66462 /* Products */;
			projectDirPath = "";
			projectRoot = "";
			targets = (
				AD5C3D6928B24D7800A66462 /* SwitUIDemoV */,
				AD5C3D7928B24D7B00A66462 /* SwitUIDemoVTests */,
				AD5C3D8328B24D7B00A66462 /* SwitUIDemoVUITests */,
			);
		};
/* End PBXProject section */

/* Begin PBXResourcesBuildPhase section */
		AD5C3D6828B24D7800A66462 /* Resources */ = {
			isa = PBXResourcesBuildPhase;
			buildActionMask = 2147483647;
			files = (
				AD5C3D7528B24D7B00A66462 /* Preview Assets.xcassets in Resources */,
				AD5C3D7228B24D7B00A66462 /* Assets.xcassets in Resources */,
			);
			runOnlyForDeploymentPostprocessing = 0;
		};
		AD5C3D7828B24D7B00A66462 /* Resources */ = {
			isa = PBXResourcesBuildPhase;
			buildActionMask = 2147483647;
			files = (
			);
			runOnlyForDeploymentPostprocessing = 0;
		};
		AD5C3D8228B24D7B00A66462 /* Resources */ = {
			isa = PBXResourcesBuildPhase;
			buildActionMask = 2147483647;
			files = (
			);
			runOnlyForDeploymentPostprocessing = 0;
		};
/* End PBXResourcesBuildPhase section */

/* Begin PBXSourcesBuildPhase section */
		AD5C3D6628B24D7800A66462 /* Sources */ = {
			isa = PBXSourcesBuildPhase;
			buildActionMask = 2147483647;
			files = (
				AD5C3D9828B24DE000A66462 /* LoginView.swift in Sources */,
				ADA791B528B3488F00006D18 /* Helper.swift in Sources */,
				ADA791B128B3450500006D18 /* SignupViewModel.swift in Sources */,
				ADA791B328B3453F00006D18 /* LoginViewModel.swift in Sources */,
				AD5C3D9A28B26FB500A66462 /* RegisterView.swift in Sources */,
				AD5C3D7028B24D7800A66462 /* ContentView.swift in Sources */,
				AD5C3D6E28B24D7800A66462 /* SwitUIDemoVApp.swift in Sources */,
			);
			runOnlyForDeploymentPostprocessing = 0;
		};
		AD5C3D7628B24D7B00A66462 /* Sources */ = {
			isa = PBXSourcesBuildPhase;
			buildActionMask = 2147483647;
			files = (
				AD5C3D7F28B24D7B00A66462 /* SwitUIDemoVTests.swift in Sources */,
			);
			runOnlyForDeploymentPostprocessing = 0;
		};
		AD5C3D8028B24D7B00A66462 /* Sources */ = {
			isa = PBXSourcesBuildPhase;
			buildActionMask = 2147483647;
			files = (
				AD5C3D8928B24D7B00A66462 /* SwitUIDemoVUITests.swift in Sources */,
				AD5C3D8B28B24D7B00A66462 /* SwitUIDemoVUITestsLaunchTests.swift in Sources */,
			);
			runOnlyForDeploymentPostprocessing = 0;
		};
/* End PBXSourcesBuildPhase section */

/* Begin PBXTargetDependency section */
		AD5C3D7C28B24D7B00A66462 /* PBXTargetDependency */ = {
			isa = PBXTargetDependency;
			target = AD5C3D6928B24D7800A66462 /* SwitUIDemoV */;
			targetProxy = AD5C3D7B28B24D7B00A66462 /* PBXContainerItemProxy */;
		};
		AD5C3D8628B24D7B00A66462 /* PBXTargetDependency */ = {
			isa = PBXTargetDependency;
			target = AD5C3D6928B24D7800A66462 /* SwitUIDemoV */;
			targetProxy = AD5C3D8528B24D7B00A66462 /* PBXContainerItemProxy */;
		};
/* End PBXTargetDependency section */

/* Begin XCBuildConfiguration section */
		AD5C3D8C28B24D7B00A66462 /* Debug */ = {
			isa = XCBuildConfiguration;
			buildSettings = {
				ALWAYS_SEARCH_USER_PATHS = NO;
				CLANG_ANALYZER_NONNULL = YES;
				CLANG_ANALYZER_NUMBER_OBJECT_CONVERSION = YES_AGGRESSIVE;
				CLANG_CXX_LANGUAGE_STANDARD = "gnu++17";
				CLANG_CXX_LIBRARY = "libc++";
				CLANG_ENABLE_MODULES = YES;
				CLANG_ENABLE_OBJC_ARC = YES;
				CLANG_ENABLE_OBJC_WEAK = YES;
				CLANG_WARN_BLOCK_CAPTURE_AUTORELEASING = YES;
				CLANG_WARN_BOOL_CONVERSION = YES;
				CLANG_WARN_COMMA = YES;
				CLANG_WARN_CONSTANT_CONVERSION = YES;
				CLANG_WARN_DEPRECATED_OBJC_IMPLEMENTATIONS = YES;
				CLANG_WARN_DIRECT_OBJC_ISA_USAGE = YES_ERROR;
				CLANG_WARN_DOCUMENTATION_COMMENTS = YES;
				CLANG_WARN_EMPTY_BODY = YES;
				CLANG_WARN_ENUM_CONVERSION = YES;
				CLANG_WARN_INFINITE_RECURSION = YES;
				CLANG_WARN_INT_CONVERSION = YES;
				CLANG_WARN_NON_LITERAL_NULL_CONVERSION = YES;
				CLANG_WARN_OBJC_IMPLICIT_RETAIN_SELF = YES;
				CLANG_WARN_OBJC_LITERAL_CONVERSION = YES;
				CLANG_WARN_OBJC_ROOT_CLASS = YES_ERROR;
				CLANG_WARN_QUOTED_INCLUDE_IN_FRAMEWORK_HEADER = YES;
				CLANG_WARN_RANGE_LOOP_ANALYSIS = YES;
				CLANG_WARN_STRICT_PROTOTYPES = YES;
				CLANG_WARN_SUSPICIOUS_MOVE = YES;
				CLANG_WARN_UNGUARDED_AVAILABILITY = YES_AGGRESSIVE;
				CLANG_WARN_UNREACHABLE_CODE = YES;
				CLANG_WARN__DUPLICATE_METHOD_MATCH = YES;
				COPY_PHASE_STRIP = NO;
				DEBUG_INFORMATION_FORMAT = dwarf;
				ENABLE_STRICT_OBJC_MSGSEND = YES;
				ENABLE_TESTABILITY = YES;
				GCC_C_LANGUAGE_STANDARD = gnu11;
				GCC_DYNAMIC_NO_PIC = NO;
				GCC_NO_COMMON_BLOCKS = YES;
				GCC_OPTIMIZATION_LEVEL = 0;
				GCC_PREPROCESSOR_DEFINITIONS = (
					"DEBUG=1",
					"$(inherited)",
				);
				GCC_WARN_64_TO_32_BIT_CONVERSION = YES;
				GCC_WARN_ABOUT_RETURN_TYPE = YES_ERROR;
				GCC_WARN_UNDECLARED_SELECTOR = YES;
				GCC_WARN_UNINITIALIZED_AUTOS = YES_AGGRESSIVE;
				GCC_WARN_UNUSED_FUNCTION = YES;
				GCC_WARN_UNUSED_VARIABLE = YES;
				IPHONEOS_DEPLOYMENT_TARGET = 15.2;
				MTL_ENABLE_DEBUG_INFO = INCLUDE_SOURCE;
				MTL_FAST_MATH = YES;
				ONLY_ACTIVE_ARCH = YES;
				SDKROOT = iphoneos;
				SWIFT_ACTIVE_COMPILATION_CONDITIONS = DEBUG;
				SWIFT_OPTIMIZATION_LEVEL = "-Onone";
			};
			name = Debug;
		};
		AD5C3D8D28B24D7B00A66462 /* Release */ = {
			isa = XCBuildConfiguration;
			buildSettings = {
				ALWAYS_SEARCH_USER_PATHS = NO;
				CLANG_ANALYZER_NONNULL = YES;
				CLANG_ANALYZER_NUMBER_OBJECT_CONVERSION = YES_AGGRESSIVE;
				CLANG_CXX_LANGUAGE_STANDARD = "gnu++17";
				CLANG_CXX_LIBRARY = "libc++";
				CLANG_ENABLE_MODULES = YES;
				CLANG_ENABLE_OBJC_ARC = YES;
				CLANG_ENABLE_OBJC_WEAK = YES;
				CLANG_WARN_BLOCK_CAPTURE_AUTORELEASING = YES;
				CLANG_WARN_BOOL_CONVERSION = YES;
				CLANG_WARN_COMMA = YES;
				CLANG_WARN_CONSTANT_CONVERSION = YES;
				CLANG_WARN_DEPRECATED_OBJC_IMPLEMENTATIONS = YES;
				CLANG_WARN_DIRECT_OBJC_ISA_USAGE = YES_ERROR;
				CLANG_WARN_DOCUMENTATION_COMMENTS = YES;
				CLANG_WARN_EMPTY_BODY = YES;
				CLANG_WARN_ENUM_CONVERSION = YES;
				CLANG_WARN_INFINITE_RECURSION = YES;
				CLANG_WARN_INT_CONVERSION = YES;
				CLANG_WARN_NON_LITERAL_NULL_CONVERSION = YES;
				CLANG_WARN_OBJC_IMPLICIT_RETAIN_SELF = YES;
				CLANG_WARN_OBJC_LITERAL_CONVERSION = YES;
				CLANG_WARN_OBJC_ROOT_CLASS = YES_ERROR;
				CLANG_WARN_QUOTED_INCLUDE_IN_FRAMEWORK_HEADER = YES;
				CLANG_WARN_RANGE_LOOP_ANALYSIS = YES;
				CLANG_WARN_STRICT_PROTOTYPES = YES;
				CLANG_WARN_SUSPICIOUS_MOVE = YES;
				CLANG_WARN_UNGUARDED_AVAILABILITY = YES_AGGRESSIVE;
				CLANG_WARN_UNREACHABLE_CODE = YES;
				CLANG_WARN__DUPLICATE_METHOD_MATCH = YES;
				COPY_PHASE_STRIP = NO;
				DEBUG_INFORMATION_FORMAT = "dwarf-with-dsym";
				ENABLE_NS_ASSERTIONS = NO;
				ENABLE_STRICT_OBJC_MSGSEND = YES;
				GCC_C_LANGUAGE_STANDARD = gnu11;
				GCC_NO_COMMON_BLOCKS = YES;
				GCC_WARN_64_TO_32_BIT_CONVERSION = YES;
				GCC_WARN_ABOUT_RETURN_TYPE = YES_ERROR;
				GCC_WARN_UNDECLARED_SELECTOR = YES;
				GCC_WARN_UNINITIALIZED_AUTOS = YES_AGGRESSIVE;
				GCC_WARN_UNUSED_FUNCTION = YES;
				GCC_WARN_UNUSED_VARIABLE = YES;
				IPHONEOS_DEPLOYMENT_TARGET = 15.2;
				MTL_ENABLE_DEBUG_INFO = NO;
				MTL_FAST_MATH = YES;
				SDKROOT = iphoneos;
				SWIFT_COMPILATION_MODE = wholemodule;
				SWIFT_OPTIMIZATION_LEVEL = "-O";
				VALIDATE_PRODUCT = YES;
			};
			name = Release;
		};
		AD5C3D8F28B24D7B00A66462 /* Debug */ = {
			isa = XCBuildConfiguration;
			buildSettings = {
				ASSETCATALOG_COMPILER_APPICON_NAME = AppIcon;
				ASSETCATALOG_COMPILER_GLOBAL_ACCENT_COLOR_NAME = AccentColor;
				CODE_SIGN_STYLE = Automatic;
				CURRENT_PROJECT_VERSION = 1;
				DEVELOPMENT_ASSET_PATHS = "\"SwitUIDemoV/Preview Content\"";
				ENABLE_PREVIEWS = YES;
				GENERATE_INFOPLIST_FILE = YES;
				INFOPLIST_KEY_UIApplicationSceneManifest_Generation = YES;
				INFOPLIST_KEY_UIApplicationSupportsIndirectInputEvents = YES;
				INFOPLIST_KEY_UILaunchScreen_Generation = YES;
				INFOPLIST_KEY_UISupportedInterfaceOrientations_iPad = "UIInterfaceOrientationPortrait UIInterfaceOrientationPortraitUpsideDown UIInterfaceOrientationLandscapeLeft UIInterfaceOrientationLandscapeRight";
				INFOPLIST_KEY_UISupportedInterfaceOrientations_iPhone = "UIInterfaceOrientationPortrait UIInterfaceOrientationLandscapeLeft UIInterfaceOrientationLandscapeRight";
				LD_RUNPATH_SEARCH_PATHS = (
					"$(inherited)",
					"@executable_path/Frameworks",
				);
				MARKETING_VERSION = 1.0;
				PRODUCT_BUNDLE_IDENTIFIER = com.SwitUIDemoV;
				PRODUCT_NAME = "$(TARGET_NAME)";
				SWIFT_EMIT_LOC_STRINGS = YES;
				SWIFT_VERSION = 5.0;
				TARGETED_DEVICE_FAMILY = "1,2";
			};
			name = Debug;
		};
		AD5C3D9028B24D7B00A66462 /* Release */ = {
			isa = XCBuildConfiguration;
			buildSettings = {
				ASSETCATALOG_COMPILER_APPICON_NAME = AppIcon;
				ASSETCATALOG_COMPILER_GLOBAL_ACCENT_COLOR_NAME = AccentColor;
				CODE_SIGN_STYLE = Automatic;
				CURRENT_PROJECT_VERSION = 1;
				DEVELOPMENT_ASSET_PATHS = "\"SwitUIDemoV/Preview Content\"";
				ENABLE_PREVIEWS = YES;
				GENERATE_INFOPLIST_FILE = YES;
				INFOPLIST_KEY_UIApplicationSceneManifest_Generation = YES;
				INFOPLIST_KEY_UIApplicationSupportsIndirectInputEvents = YES;
				INFOPLIST_KEY_UILaunchScreen_Generation = YES;
				INFOPLIST_KEY_UISupportedInterfaceOrientations_iPad = "UIInterfaceOrientationPortrait UIInterfaceOrientationPortraitUpsideDown UIInterfaceOrientationLandscapeLeft UIInterfaceOrientationLandscapeRight";
				INFOPLIST_KEY_UISupportedInterfaceOrientations_iPhone = "UIInterfaceOrientationPortrait UIInterfaceOrientationLandscapeLeft UIInterfaceOrientationLandscapeRight";
				LD_RUNPATH_SEARCH_PATHS = (
					"$(inherited)",
					"@executable_path/Frameworks",
				);
				MARKETING_VERSION = 1.0;
				PRODUCT_BUNDLE_IDENTIFIER = com.SwitUIDemoV;
				PRODUCT_NAME = "$(TARGET_NAME)";
				SWIFT_EMIT_LOC_STRINGS = YES;
				SWIFT_VERSION = 5.0;
				TARGETED_DEVICE_FAMILY = "1,2";
			};
			name = Release;
		};
		AD5C3D9228B24D7B00A66462 /* Debug */ = {
			isa = XCBuildConfiguration;
			buildSettings = {
				ALWAYS_EMBED_SWIFT_STANDARD_LIBRARIES = YES;
				BUNDLE_LOADER = "$(TEST_HOST)";
				CODE_SIGN_STYLE = Automatic;
				CURRENT_PROJECT_VERSION = 1;
				GENERATE_INFOPLIST_FILE = YES;
				IPHONEOS_DEPLOYMENT_TARGET = 15.2;
				MARKETING_VERSION = 1.0;
				PRODUCT_BUNDLE_IDENTIFIER = com.SwitUIDemoVTests;
				PRODUCT_NAME = "$(TARGET_NAME)";
				SWIFT_EMIT_LOC_STRINGS = NO;
				SWIFT_VERSION = 5.0;
				TARGETED_DEVICE_FAMILY = "1,2";
				TEST_HOST = "$(BUILT_PRODUCTS_DIR)/SwitUIDemoV.app/SwitUIDemoV";
			};
			name = Debug;
		};
		AD5C3D9328B24D7B00A66462 /* Release */ = {
			isa = XCBuildConfiguration;
			buildSettings = {
				ALWAYS_EMBED_SWIFT_STANDARD_LIBRARIES = YES;
				BUNDLE_LOADER = "$(TEST_HOST)";
				CODE_SIGN_STYLE = Automatic;
				CURRENT_PROJECT_VERSION = 1;
				GENERATE_INFOPLIST_FILE = YES;
				IPHONEOS_DEPLOYMENT_TARGET = 15.2;
				MARKETING_VERSION = 1.0;
				PRODUCT_BUNDLE_IDENTIFIER = com.SwitUIDemoVTests;
				PRODUCT_NAME = "$(TARGET_NAME)";
				SWIFT_EMIT_LOC_STRINGS = NO;
				SWIFT_VERSION = 5.0;
				TARGETED_DEVICE_FAMILY = "1,2";
				TEST_HOST = "$(BUILT_PRODUCTS_DIR)/SwitUIDemoV.app/SwitUIDemoV";
			};
			name = Release;
		};
		AD5C3D9528B24D7B00A66462 /* Debug */ = {
			isa = XCBuildConfiguration;
			buildSettings = {
				ALWAYS_EMBED_SWIFT_STANDARD_LIBRARIES = YES;
				CODE_SIGN_STYLE = Automatic;
				CURRENT_PROJECT_VERSION = 1;
				GENERATE_INFOPLIST_FILE = YES;
				MARKETING_VERSION = 1.0;
				PRODUCT_BUNDLE_IDENTIFIER = com.SwitUIDemoVUITests;
				PRODUCT_NAME = "$(TARGET_NAME)";
				SWIFT_EMIT_LOC_STRINGS = NO;
				SWIFT_VERSION = 5.0;
				TARGETED_DEVICE_FAMILY = "1,2";
				TEST_TARGET_NAME = SwitUIDemoV;
			};
			name = Debug;
		};
		AD5C3D9628B24D7B00A66462 /* Release */ = {
			isa = XCBuildConfiguration;
			buildSettings = {
				ALWAYS_EMBED_SWIFT_STANDARD_LIBRARIES = YES;
				CODE_SIGN_STYLE = Automatic;
				CURRENT_PROJECT_VERSION = 1;
				GENERATE_INFOPLIST_FILE = YES;
				MARKETING_VERSION = 1.0;
				PRODUCT_BUNDLE_IDENTIFIER = com.SwitUIDemoVUITests;
				PRODUCT_NAME = "$(TARGET_NAME)";
				SWIFT_EMIT_LOC_STRINGS = NO;
				SWIFT_VERSION = 5.0;
				TARGETED_DEVICE_FAMILY = "1,2";
				TEST_TARGET_NAME = SwitUIDemoV;
			};
			name = Release;
		};
/* End XCBuildConfiguration section */

/* Begin XCConfigurationList section */
		AD5C3D6528B24D7800A66462 /* Build configuration list for PBXProject "SwitUIDemoV" */ = {
			isa = XCConfigurationList;
			buildConfigurations = (
				AD5C3D8C28B24D7B00A66462 /* Debug */,
				AD5C3D8D28B24D7B00A66462 /* Release */,
			);
			defaultConfigurationIsVisible = 0;
			defaultConfigurationName = Release;
		};
		AD5C3D8E28B24D7B00A66462 /* Build configuration list for PBXNativeTarget "SwitUIDemoV" */ = {
			isa = XCConfigurationList;
			buildConfigurations = (
				AD5C3D8F28B24D7B00A66462 /* Debug */,
				AD5C3D9028B24D7B00A66462 /* Release */,
			);
			defaultConfigurationIsVisible = 0;
			defaultConfigurationName = Release;
		};
		AD5C3D9128B24D7B00A66462 /* Build configuration list for PBXNativeTarget "SwitUIDemoVTests" */ = {
			isa = XCConfigurationList;
			buildConfigurations = (
				AD5C3D9228B24D7B00A66462 /* Debug */,
				AD5C3D9328B24D7B00A66462 /* Release */,
			);
			defaultConfigurationIsVisible = 0;
			defaultConfigurationName = Release;
		};
		AD5C3D9428B24D7B00A66462 /* Build configuration list for PBXNativeTarget "SwitUIDemoVUITests" */ = {
			isa = XCConfigurationList;
			buildConfigurations = (
				AD5C3D9528B24D7B00A66462 /* Debug */,
				AD5C3D9628B24D7B00A66462 /* Release */,
			);
			defaultConfigurationIsVisible = 0;
			defaultConfigurationName = Release;
		};
/* End XCConfigurationList section */
	};
	rootObject = AD5C3D6228B24D7800A66462 /* Project object */;
}
